
Microsoft Visual Studio Solution File, Format Version 12.00
# Visual Studio Version 17
VisualStudioVersion = 17.7.34221.43
MinimumVisualStudioVersion = 10.0.40219.1
Project("{FAE04EC0-301F-11D3-BF4B-00C04F79EFBC}") = "MSC.SQS.WebApi", "MSC-SQS-WebApi\MSC.SQS.WebApi.csproj", "{4CB92B18-4BFC-413E-B90B-BBA688FF4CB8}"
EndProject
Project("{9A19103F-16F7-4668-BE54-9A1E7A4F7556}") = "MSC.Lambda", "MSC.Lambda\MSC.Lambda.csproj", "{1C004580-4289-489A-82A3-1DE8789384CF}"
EndProject
Project("{FAE04EC0-301F-11D3-BF4B-00C04F79EFBC}") = "MSC.Shared", "MSC.Shared\MSC.Shared.csproj", "{0B800B30-CC82-4F20-BEED-1BD14BF9524C}"
EndProject
Global
	GlobalSection(SolutionConfigurationPlatforms) = preSolution
		Debug|Any CPU = Debug|Any CPU
		Release|Any CPU = Release|Any CPU
	EndGlobalSection
	GlobalSection(ProjectConfigurationPlatforms) = postSolution
		{4CB92B18-4BFC-413E-B90B-BBA688FF4CB8}.Debug|Any CPU.ActiveCfg = Debug|Any CPU
		{4CB92B18-4BFC-413E-B90B-BBA688FF4CB8}.Debug|Any CPU.Build.0 = Debug|Any CPU
		{4CB92B18-4BFC-413E-B90B-BBA688FF4CB8}.Release|Any CPU.ActiveCfg = Release|Any CPU
		{4CB92B18-4BFC-413E-B90B-BBA688FF4CB8}.Release|Any CPU.Build.0 = Release|Any CPU
		{1C004580-4289-489A-82A3-1DE8789384CF}.Debug|Any CPU.ActiveCfg = Debug|Any CPU
		{1C004580-4289-489A-82A3-1DE8789384CF}.Debug|Any CPU.Build.0 = Debug|Any CPU
		{1C004580-4289-489A-82A3-1DE8789384CF}.Release|Any CPU.ActiveCfg = Release|Any CPU
		{1C004580-4289-489A-82A3-1DE8789384CF}.Release|Any CPU.Build.0 = Release|Any CPU
		{0B800B30-CC82-4F20-BEED-1BD14BF9524C}.Debug|Any CPU.ActiveCfg = Debug|Any CPU
		{0B800B30-CC82-4F20-BEED-1BD14BF9524C}.Debug|Any CPU.Build.0 = Debug|Any CPU
		{0B800B30-CC82-4F20-BEED-1BD14BF9524C}.Release|Any CPU.ActiveCfg = Release|Any CPU
		{0B800B30-CC82-4F20-BEED-1BD14BF9524C}.Release|Any CPU.Build.0 = Release|Any CPU
	EndGlobalSection
	GlobalSection(SolutionProperties) = preSolution
		HideSolutionNode = FALSE
	EndGlobalSection
	GlobalSection(ExtensibilityGlobals) = postSolution
		SolutionGuid = {225127AC-A56B-47AC-8F74-39D6722705A3}
	EndGlobalSection
EndGlobal
